
Microsoft Visual Studio Solution File, Format Version 12.00
# Visual Studio Version 17
VisualStudioVersion = 17.10.34928.147
MinimumVisualStudioVersion = 10.0.40219.1
Project("{FAE04EC0-301F-11D3-BF4B-00C04F79EFBC}") = "01_MainSubjects", "01_MainSubjects\01_MainSubjects.csproj", "{4EF7FBAD-3914-4732-9BC9-A9D0A9BFE96C}"
EndProject
Project("{FAE04EC0-301F-11D3-BF4B-00C04F79EFBC}") = "02_Variables", "02_Variables\02_Variables.csproj", "{C0C69862-262A-40E1-B09B-B1A9EB4CB02A}"
EndProject
Global
	GlobalSection(SolutionConfigurationPlatforms) = preSolution
		Debug|Any CPU = Debug|Any CPU
		Release|Any CPU = Release|Any CPU
	EndGlobalSection
	GlobalSection(ProjectConfigurationPlatforms) = postSolution
		{4EF7FBAD-3914-4732-9BC9-A9D0A9BFE96C}.Debug|Any CPU.ActiveCfg = Debug|Any CPU
		{4EF7FBAD-3914-4732-9BC9-A9D0A9BFE96C}.Debug|Any CPU.Build.0 = Debug|Any CPU
		{4EF7FBAD-3914-4732-9BC9-A9D0A9BFE96C}.Release|Any CPU.ActiveCfg = Release|Any CPU
		{4EF7FBAD-3914-4732-9BC9-A9D0A9BFE96C}.Release|Any CPU.Build.0 = Release|Any CPU
		{C0C69862-262A-40E1-B09B-B1A9EB4CB02A}.Debug|Any CPU.ActiveCfg = Debug|Any CPU
		{C0C69862-262A-40E1-B09B-B1A9EB4CB02A}.Debug|Any CPU.Build.0 = Debug|Any CPU
		{C0C69862-262A-40E1-B09B-B1A9EB4CB02A}.Release|Any CPU.ActiveCfg = Release|Any CPU
		{C0C69862-262A-40E1-B09B-B1A9EB4CB02A}.Release|Any CPU.Build.0 = Release|Any CPU
	EndGlobalSection
	GlobalSection(SolutionProperties) = preSolution
		HideSolutionNode = FALSE
	EndGlobalSection
	GlobalSection(ExtensibilityGlobals) = postSolution
		SolutionGuid = {FCC112C5-198A-4033-B360-C51A415203AF}
	EndGlobalSection
EndGlobal
